
Microsoft Visual Studio Solution File, Format Version 12.00
# Visual Studio 14
VisualStudioVersion = 14.0.25420.1
MinimumVisualStudioVersion = 10.0.40219.1
Project("{F088123C-0E9E-452A-89E6-6BA2F21D5CAC}") = "Model", "Model\Model.modelproj", "{A3E6A754-9D6B-447A-BCEB-477B57A38635}"
EndProject
Global
	GlobalSection(SolutionConfigurationPlatforms) = preSolution
		Debug|Any CPU = Debug|Any CPU
		Release|Any CPU = Release|Any CPU
	EndGlobalSection
	GlobalSection(ProjectConfigurationPlatforms) = postSolution
		{A3E6A754-9D6B-447A-BCEB-477B57A38635}.Debug|Any CPU.ActiveCfg = Debug|Any CPU
		{A3E6A754-9D6B-447A-BCEB-477B57A38635}.Debug|Any CPU.Build.0 = Debug|Any CPU
		{A3E6A754-9D6B-447A-BCEB-477B57A38635}.Release|Any CPU.ActiveCfg = Release|Any CPU
		{A3E6A754-9D6B-447A-BCEB-477B57A38635}.Release|Any CPU.Build.0 = Release|Any CPU
	EndGlobalSection
	GlobalSection(SolutionProperties) = preSolution
		HideSolutionNode = FALSE
	EndGlobalSection
EndGlobal
